
Microsoft Visual Studio Solution File, Format Version 12.00
# Visual Studio 15
VisualStudioVersion = 15.0.28306.52
MinimumVisualStudioVersion = 10.0.40219.1
Project("{FAE04EC0-301F-11D3-BF4B-00C04F79EFBC}") = "kcentr.Android", "kcentr\kcentr.Android\kcentr.Android.csproj", "{D3A35E96-E92C-4358-BE66-2F0492B940A7}"
EndProject
Project("{FAE04EC0-301F-11D3-BF4B-00C04F79EFBC}") = "kcentr.iOS", "kcentr\kcentr.iOS\kcentr.iOS.csproj", "{35884B57-72B4-4BD5-84B8-E8972EE00A60}"
EndProject
Project("{FAE04EC0-301F-11D3-BF4B-00C04F79EFBC}") = "kcentr", "kcentr\kcentr\kcentr.csproj", "{39EAA60B-9A20-4E89-AF23-4FE952EE71A2}"
EndProject
Global
	GlobalSection(SolutionConfigurationPlatforms) = preSolution
		Ad-Hoc|Any CPU = Ad-Hoc|Any CPU
		Ad-Hoc|iPhone = Ad-Hoc|iPhone
		Ad-Hoc|iPhoneSimulator = Ad-Hoc|iPhoneSimulator
		AppStore|Any CPU = AppStore|Any CPU
		AppStore|iPhone = AppStore|iPhone
		AppStore|iPhoneSimulator = AppStore|iPhoneSimulator
		Debug|Any CPU = Debug|Any CPU
		Debug|iPhone = Debug|iPhone
		Debug|iPhoneSimulator = Debug|iPhoneSimulator
		Release|Any CPU = Release|Any CPU
		Release|iPhone = Release|iPhone
		Release|iPhoneSimulator = Release|iPhoneSimulator
	EndGlobalSection
	GlobalSection(ProjectConfigurationPlatforms) = postSolution
		{D3A35E96-E92C-4358-BE66-2F0492B940A7}.Ad-Hoc|Any CPU.ActiveCfg = Release|Any CPU
		{D3A35E96-E92C-4358-BE66-2F0492B940A7}.Ad-Hoc|Any CPU.Build.0 = Release|Any CPU
		{D3A35E96-E92C-4358-BE66-2F0492B940A7}.Ad-Hoc|Any CPU.Deploy.0 = Release|Any CPU
		{D3A35E96-E92C-4358-BE66-2F0492B940A7}.Ad-Hoc|iPhone.ActiveCfg = Release|Any CPU
		{D3A35E96-E92C-4358-BE66-2F0492B940A7}.Ad-Hoc|iPhone.Build.0 = Release|Any CPU
		{D3A35E96-E92C-4358-BE66-2F0492B940A7}.Ad-Hoc|iPhone.Deploy.0 = Release|Any CPU
		{D3A35E96-E92C-4358-BE66-2F0492B940A7}.Ad-Hoc|iPhoneSimulator.ActiveCfg = Release|Any CPU
		{D3A35E96-E92C-4358-BE66-2F0492B940A7}.Ad-Hoc|iPhoneSimulator.Build.0 = Release|Any CPU
		{D3A35E96-E92C-4358-BE66-2F0492B940A7}.Ad-Hoc|iPhoneSimulator.Deploy.0 = Release|Any CPU
		{D3A35E96-E92C-4358-BE66-2F0492B940A7}.AppStore|Any CPU.ActiveCfg = Release|Any CPU
		{D3A35E96-E92C-4358-BE66-2F0492B940A7}.AppStore|Any CPU.Build.0 = Release|Any CPU
		{D3A35E96-E92C-4358-BE66-2F0492B940A7}.AppStore|Any CPU.Deploy.0 = Release|Any CPU
		{D3A35E96-E92C-4358-BE66-2F0492B940A7}.AppStore|iPhone.ActiveCfg = Release|Any CPU
		{D3A35E96-E92C-4358-BE66-2F0492B940A7}.AppStore|iPhone.Build.0 = Release|Any CPU
		{D3A35E96-E92C-4358-BE66-2F0492B940A7}.AppStore|iPhone.Deploy.0 = Release|Any CPU
		{D3A35E96-E92C-4358-BE66-2F0492B940A7}.AppStore|iPhoneSimulator.ActiveCfg = Release|Any CPU
		{D3A35E96-E92C-4358-BE66-2F0492B940A7}.AppStore|iPhoneSimulator.Build.0 = Release|Any CPU
		{D3A35E96-E92C-4358-BE66-2F0492B940A7}.AppStore|iPhoneSimulator.Deploy.0 = Release|Any CPU
		{D3A35E96-E92C-4358-BE66-2F0492B940A7}.Debug|Any CPU.ActiveCfg = Debug|Any CPU
		{D3A35E96-E92C-4358-BE66-2F0492B940A7}.Debug|Any CPU.Build.0 = Debug|Any CPU
		{D3A35E96-E92C-4358-BE66-2F0492B940A7}.Debug|Any CPU.Deploy.0 = Debug|Any CPU
		{D3A35E96-E92C-4358-BE66-2F0492B940A7}.Debug|iPhone.ActiveCfg = Debug|Any CPU
		{D3A35E96-E92C-4358-BE66-2F0492B940A7}.Debug|iPhone.Build.0 = Debug|Any CPU
		{D3A35E96-E92C-4358-BE66-2F0492B940A7}.Debug|iPhone.Deploy.0 = Debug|Any CPU
		{D3A35E96-E92C-4358-BE66-2F0492B940A7}.Debug|iPhoneSimulator.ActiveCfg = Debug|Any CPU
		{D3A35E96-E92C-4358-BE66-2F0492B940A7}.Debug|iPhoneSimulator.Build.0 = Debug|Any CPU
		{D3A35E96-E92C-4358-BE66-2F0492B940A7}.Debug|iPhoneSimulator.Deploy.0 = Debug|Any CPU
		{D3A35E96-E92C-4358-BE66-2F0492B940A7}.Release|Any CPU.ActiveCfg = Release|Any CPU
		{D3A35E96-E92C-4358-BE66-2F0492B940A7}.Release|Any CPU.Build.0 = Release|Any CPU
		{D3A35E96-E92C-4358-BE66-2F0492B940A7}.Release|Any CPU.Deploy.0 = Release|Any CPU
		{D3A35E96-E92C-4358-BE66-2F0492B940A7}.Release|iPhone.ActiveCfg = Release|Any CPU
		{D3A35E96-E92C-4358-BE66-2F0492B940A7}.Release|iPhone.Build.0 = Release|Any CPU
		{D3A35E96-E92C-4358-BE66-2F0492B940A7}.Release|iPhone.Deploy.0 = Release|Any CPU
		{D3A35E96-E92C-4358-BE66-2F0492B940A7}.Release|iPhoneSimulator.ActiveCfg = Release|Any CPU
		{D3A35E96-E92C-4358-BE66-2F0492B940A7}.Release|iPhoneSimulator.Build.0 = Release|Any CPU
		{D3A35E96-E92C-4358-BE66-2F0492B940A7}.Release|iPhoneSimulator.Deploy.0 = Release|Any CPU
		{35884B57-72B4-4BD5-84B8-E8972EE00A60}.Ad-Hoc|Any CPU.ActiveCfg = Ad-Hoc|iPhone
		{35884B57-72B4-4BD5-84B8-E8972EE00A60}.Ad-Hoc|Any CPU.Build.0 = Ad-Hoc|iPhone
		{35884B57-72B4-4BD5-84B8-E8972EE00A60}.Ad-Hoc|Any CPU.Deploy.0 = Ad-Hoc|iPhone
		{35884B57-72B4-4BD5-84B8-E8972EE00A60}.Ad-Hoc|iPhone.ActiveCfg = Ad-Hoc|iPhone
		{35884B57-72B4-4BD5-84B8-E8972EE00A60}.Ad-Hoc|iPhone.Build.0 = Ad-Hoc|iPhone
		{35884B57-72B4-4BD5-84B8-E8972EE00A60}.Ad-Hoc|iPhone.Deploy.0 = Ad-Hoc|iPhone
		{35884B57-72B4-4BD5-84B8-E8972EE00A60}.Ad-Hoc|iPhoneSimulator.ActiveCfg = Ad-Hoc|iPhoneSimulator
		{35884B57-72B4-4BD5-84B8-E8972EE00A60}.Ad-Hoc|iPhoneSimulator.Build.0 = Ad-Hoc|iPhoneSimulator
		{35884B57-72B4-4BD5-84B8-E8972EE00A60}.Ad-Hoc|iPhoneSimulator.Deploy.0 = Ad-Hoc|iPhoneSimulator
		{35884B57-72B4-4BD5-84B8-E8972EE00A60}.AppStore|Any CPU.ActiveCfg = AppStore|iPhone
		{35884B57-72B4-4BD5-84B8-E8972EE00A60}.AppStore|Any CPU.Build.0 = AppStore|iPhone
		{35884B57-72B4-4BD5-84B8-E8972EE00A60}.AppStore|Any CPU.Deploy.0 = AppStore|iPhone
		{35884B57-72B4-4BD5-84B8-E8972EE00A60}.AppStore|iPhone.ActiveCfg = AppStore|iPhone
		{35884B57-72B4-4BD5-84B8-E8972EE00A60}.AppStore|iPhone.Build.0 = AppStore|iPhone
		{35884B57-72B4-4BD5-84B8-E8972EE00A60}.AppStore|iPhone.Deploy.0 = AppStore|iPhone
		{35884B57-72B4-4BD5-84B8-E8972EE00A60}.AppStore|iPhoneSimulator.ActiveCfg = AppStore|iPhoneSimulator
		{35884B57-72B4-4BD5-84B8-E8972EE00A60}.AppStore|iPhoneSimulator.Build.0 = AppStore|iPhoneSimulator
		{35884B57-72B4-4BD5-84B8-E8972EE00A60}.AppStore|iPhoneSimulator.Deploy.0 = AppStore|iPhoneSimulator
		{35884B57-72B4-4BD5-84B8-E8972EE00A60}.Debug|Any CPU.ActiveCfg = Debug|iPhoneSimulator
		{35884B57-72B4-4BD5-84B8-E8972EE00A60}.Debug|Any CPU.Build.0 = Debug|iPhoneSimulator
		{35884B57-72B4-4BD5-84B8-E8972EE00A60}.Debug|Any CPU.Deploy.0 = Debug|iPhoneSimulator
		{35884B57-72B4-4BD5-84B8-E8972EE00A60}.Debug|iPhone.ActiveCfg = Debug|iPhone
		{35884B57-72B4-4BD5-84B8-E8972EE00A60}.Debug|iPhone.Build.0 = Debug|iPhone
		{35884B57-72B4-4BD5-84B8-E8972EE00A60}.Debug|iPhone.Deploy.0 = Debug|iPhone
		{35884B57-72B4-4BD5-84B8-E8972EE00A60}.Debug|iPhoneSimulator.ActiveCfg = Debug|iPhoneSimulator
		{35884B57-72B4-4BD5-84B8-E8972EE00A60}.Debug|iPhoneSimulator.Build.0 = Debug|iPhoneSimulator
		{35884B57-72B4-4BD5-84B8-E8972EE00A60}.Debug|iPhoneSimulator.Deploy.0 = Debug|iPhoneSimulator
		{35884B57-72B4-4BD5-84B8-E8972EE00A60}.Release|Any CPU.ActiveCfg = Release|iPhone
		{35884B57-72B4-4BD5-84B8-E8972EE00A60}.Release|Any CPU.Build.0 = Release|iPhone
		{35884B57-72B4-4BD5-84B8-E8972EE00A60}.Release|Any CPU.Deploy.0 = Release|iPhone
		{35884B57-72B4-4BD5-84B8-E8972EE00A60}.Release|iPhone.ActiveCfg = Release|iPhone
		{35884B57-72B4-4BD5-84B8-E8972EE00A60}.Release|iPhone.Build.0 = Release|iPhone
		{35884B57-72B4-4BD5-84B8-E8972EE00A60}.Release|iPhone.Deploy.0 = Release|iPhone
		{35884B57-72B4-4BD5-84B8-E8972EE00A60}.Release|iPhoneSimulator.ActiveCfg = Release|iPhoneSimulator
		{35884B57-72B4-4BD5-84B8-E8972EE00A60}.Release|iPhoneSimulator.Build.0 = Release|iPhoneSimulator
		{35884B57-72B4-4BD5-84B8-E8972EE00A60}.Release|iPhoneSimulator.Deploy.0 = Release|iPhoneSimulator
		{39EAA60B-9A20-4E89-AF23-4FE952EE71A2}.Ad-Hoc|Any CPU.ActiveCfg = Debug|Any CPU
		{39EAA60B-9A20-4E89-AF23-4FE952EE71A2}.Ad-Hoc|Any CPU.Build.0 = Debug|Any CPU
		{39EAA60B-9A20-4E89-AF23-4FE952EE71A2}.Ad-Hoc|Any CPU.Deploy.0 = Debug|Any CPU
		{39EAA60B-9A20-4E89-AF23-4FE952EE71A2}.Ad-Hoc|iPhone.ActiveCfg = Debug|Any CPU
		{39EAA60B-9A20-4E89-AF23-4FE952EE71A2}.Ad-Hoc|iPhone.Build.0 = Debug|Any CPU
		{39EAA60B-9A20-4E89-AF23-4FE952EE71A2}.Ad-Hoc|iPhone.Deploy.0 = Debug|Any CPU
		{39EAA60B-9A20-4E89-AF23-4FE952EE71A2}.Ad-Hoc|iPhoneSimulator.ActiveCfg = Debug|Any CPU
		{39EAA60B-9A20-4E89-AF23-4FE952EE71A2}.Ad-Hoc|iPhoneSimulator.Build.0 = Debug|Any CPU
		{39EAA60B-9A20-4E89-AF23-4FE952EE71A2}.Ad-Hoc|iPhoneSimulator.Deploy.0 = Debug|Any CPU
		{39EAA60B-9A20-4E89-AF23-4FE952EE71A2}.AppStore|Any CPU.ActiveCfg = Debug|Any CPU
		{39EAA60B-9A20-4E89-AF23-4FE952EE71A2}.AppStore|Any CPU.Build.0 = Debug|Any CPU
		{39EAA60B-9A20-4E89-AF23-4FE952EE71A2}.AppStore|Any CPU.Deploy.0 = Debug|Any CPU
		{39EAA60B-9A20-4E89-AF23-4FE952EE71A2}.AppStore|iPhone.ActiveCfg = Debug|Any CPU
		{39EAA60B-9A20-4E89-AF23-4FE952EE71A2}.AppStore|iPhone.Build.0 = Debug|Any CPU
		{39EAA60B-9A20-4E89-AF23-4FE952EE71A2}.AppStore|iPhone.Deploy.0 = Debug|Any CPU
		{39EAA60B-9A20-4E89-AF23-4FE952EE71A2}.AppStore|iPhoneSimulator.ActiveCfg = Debug|Any CPU
		{39EAA60B-9A20-4E89-AF23-4FE952EE71A2}.AppStore|iPhoneSimulator.Build.0 = Debug|Any CPU
		{39EAA60B-9A20-4E89-AF23-4FE952EE71A2}.AppStore|iPhoneSimulator.Deploy.0 = Debug|Any CPU
		{39EAA60B-9A20-4E89-AF23-4FE952EE71A2}.Debug|Any CPU.ActiveCfg = Debug|Any CPU
		{39EAA60B-9A20-4E89-AF23-4FE952EE71A2}.Debug|Any CPU.Build.0 = Debug|Any CPU
		{39EAA60B-9A20-4E89-AF23-4FE952EE71A2}.Debug|Any CPU.Deploy.0 = Debug|Any CPU
		{39EAA60B-9A20-4E89-AF23-4FE952EE71A2}.Debug|iPhone.ActiveCfg = Debug|Any CPU
		{39EAA60B-9A20-4E89-AF23-4FE952EE71A2}.Debug|iPhone.Build.0 = Debug|Any CPU
		{39EAA60B-9A20-4E89-AF23-4FE952EE71A2}.Debug|iPhone.Deploy.0 = Debug|Any CPU
		{39EAA60B-9A20-4E89-AF23-4FE952EE71A2}.Debug|iPhoneSimulator.ActiveCfg = Debug|Any CPU
		{39EAA60B-9A20-4E89-AF23-4FE952EE71A2}.Debug|iPhoneSimulator.Build.0 = Debug|Any CPU
		{39EAA60B-9A20-4E89-AF23-4FE952EE71A2}.Debug|iPhoneSimulator.Deploy.0 = Debug|Any CPU
		{39EAA60B-9A20-4E89-AF23-4FE952EE71A2}.Release|Any CPU.ActiveCfg = Release|Any CPU
		{39EAA60B-9A20-4E89-AF23-4FE952EE71A2}.Release|Any CPU.Build.0 = Release|Any CPU
		{39EAA60B-9A20-4E89-AF23-4FE952EE71A2}.Release|Any CPU.Deploy.0 = Release|Any CPU
		{39EAA60B-9A20-4E89-AF23-4FE952EE71A2}.Release|iPhone.ActiveCfg = Release|Any CPU
		{39EAA60B-9A20-4E89-AF23-4FE952EE71A2}.Release|iPhone.Build.0 = Release|Any CPU
		{39EAA60B-9A20-4E89-AF23-4FE952EE71A2}.Release|iPhone.Deploy.0 = Release|Any CPU
		{39EAA60B-9A20-4E89-AF23-4FE952EE71A2}.Release|iPhoneSimulator.ActiveCfg = Release|Any CPU
		{39EAA60B-9A20-4E89-AF23-4FE952EE71A2}.Release|iPhoneSimulator.Build.0 = Release|Any CPU
		{39EAA60B-9A20-4E89-AF23-4FE952EE71A2}.Release|iPhoneSimulator.Deploy.0 = Release|Any CPU
	EndGlobalSection
	GlobalSection(SolutionProperties) = preSolution
		HideSolutionNode = FALSE
	EndGlobalSection
	GlobalSection(ExtensibilityGlobals) = postSolution
		SolutionGuid = {FE01469E-3ED5-4306-8749-4E423789DE03}
	EndGlobalSection
EndGlobal
